
Microsoft Visual Studio Solution File, Format Version 12.00
# Visual Studio Version 17
VisualStudioVersion = 17.0.32014.148
MinimumVisualStudioVersion = 10.0.40219.1
Project("{FAE04EC0-301F-11D3-BF4B-00C04F79EFBC}") = "GenericBoxOfString", "GenericBoxOfString\GenericBoxOfString.csproj", "{63745678-59CC-4773-A057-DA20043388FB}"
EndProject
Project("{FAE04EC0-301F-11D3-BF4B-00C04F79EFBC}") = "GenericSwapMethodStrings", "GenericSwapMethodStrings\GenericSwapMethodStrings.csproj", "{0142438F-D205-499F-8D79-9DAEA73EFCFB}"
EndProject
Global
	GlobalSection(SolutionConfigurationPlatforms) = preSolution
		Debug|Any CPU = Debug|Any CPU
		Release|Any CPU = Release|Any CPU
	EndGlobalSection
	GlobalSection(ProjectConfigurationPlatforms) = postSolution
		{63745678-59CC-4773-A057-DA20043388FB}.Debug|Any CPU.ActiveCfg = Debug|Any CPU
		{63745678-59CC-4773-A057-DA20043388FB}.Debug|Any CPU.Build.0 = Debug|Any CPU
		{63745678-59CC-4773-A057-DA20043388FB}.Release|Any CPU.ActiveCfg = Release|Any CPU
		{63745678-59CC-4773-A057-DA20043388FB}.Release|Any CPU.Build.0 = Release|Any CPU
		{0142438F-D205-499F-8D79-9DAEA73EFCFB}.Debug|Any CPU.ActiveCfg = Debug|Any CPU
		{0142438F-D205-499F-8D79-9DAEA73EFCFB}.Debug|Any CPU.Build.0 = Debug|Any CPU
		{0142438F-D205-499F-8D79-9DAEA73EFCFB}.Release|Any CPU.ActiveCfg = Release|Any CPU
		{0142438F-D205-499F-8D79-9DAEA73EFCFB}.Release|Any CPU.Build.0 = Release|Any CPU
	EndGlobalSection
	GlobalSection(SolutionProperties) = preSolution
		HideSolutionNode = FALSE
	EndGlobalSection
	GlobalSection(ExtensibilityGlobals) = postSolution
		SolutionGuid = {4425456A-543C-405A-9F90-7C03006B8A97}
	EndGlobalSection
EndGlobal
